
Microsoft Visual Studio Solution File, Format Version 12.00
# Visual Studio Version 16
VisualStudioVersion = 16.0.28803.352
MinimumVisualStudioVersion = 10.0.40219.1
Project("{FAE04EC0-301F-11D3-BF4B-00C04F79EFBC}") = "MLAutoFramework", "MLAutoFramework.csproj", "{5D68D851-FE5D-4A77-B654-741CEC5968BA}"
EndProject
Global
	GlobalSection(SolutionConfigurationPlatforms) = preSolution
		Debug|Any CPU = Debug|Any CPU
		Release|Any CPU = Release|Any CPU
	EndGlobalSection
	GlobalSection(ProjectConfigurationPlatforms) = postSolution
		{5D68D851-FE5D-4A77-B654-741CEC5968BA}.Debug|Any CPU.ActiveCfg = Debug|Any CPU
		{5D68D851-FE5D-4A77-B654-741CEC5968BA}.Debug|Any CPU.Build.0 = Debug|Any CPU
		{5D68D851-FE5D-4A77-B654-741CEC5968BA}.Release|Any CPU.ActiveCfg = Release|Any CPU
		{5D68D851-FE5D-4A77-B654-741CEC5968BA}.Release|Any CPU.Build.0 = Release|Any CPU
	EndGlobalSection
	GlobalSection(SolutionProperties) = preSolution
		HideSolutionNode = FALSE
	EndGlobalSection
	GlobalSection(ExtensibilityGlobals) = postSolution
		SolutionGuid = {0E4536EC-64F9-4EB5-93FD-F217FAE70028}
	EndGlobalSection
EndGlobal
